{
	"name": "remark-bibliography",
	"version": "0.1.1",
	"lockfileVersion": 1,
	"requires": true,
	"dependencies": {
		"citeproc": {
			"version": "2.1.241",
			"resolved": "https://registry.npmjs.org/citeproc/-/citeproc-2.1.241.tgz",
			"integrity": "sha512-yPBTFjJft8hoi0/10aDOHstnYf+YMQYjaLXu8nBH699Unw33+ox6UZCrtpDzZpmDnW8h2tBdKigIh9FQgGDdyg=="
		},
		"locale-en-us": {
			"version": "0.0.2",
			"resolved": "https://registry.npmjs.org/locale-en-us/-/locale-en-us-0.0.2.tgz",
			"integrity": "sha512-I02W/LK36C1IDloiFY4ZvK7kIs4C92vCHVEI01rIrJPzzlqcn1NnUxn5d1oiq0pe6JwuzpWwSCYnV0o1WAQP9g=="
		},
		"style-apa": {
			"version": "0.0.2",
			"resolved": "https://registry.npmjs.org/style-apa/-/style-apa-0.0.2.tgz",
			"integrity": "sha512-DSgE7KPxV0Z3o5j4mAOGWp+Dpl9KhPUS5+704lEsVCI0G/LjbnvoINJUWn2llrYR95PH9Dkw0M9fiTt/BwEAoA=="
		},
		"style-chicago": {
			"version": "0.0.2",
			"resolved": "https://registry.npmjs.org/style-chicago/-/style-chicago-0.0.2.tgz",
			"integrity": "sha512-xQyPhA3eLMmpV2BQ9+OwxYy6RgUIrxbXFxH6Demd8QlBQpXvj5rkZNn3YpEMyvoAinghFjZOGGuaBDCYiZxFxQ=="
		},
		"style-mla": {
			"version": "0.0.2",
			"resolved": "https://registry.npmjs.org/style-mla/-/style-mla-0.0.2.tgz",
			"integrity": "sha512-uxe00Gcv8W5Rgie8QStLnMlZh4o821UwWclr+SfgMNCRRVF8ncB9wvqU093FcS2QR02V8/YNE0P2ySJ2GFIFSw=="
		},
		"style-vancouver": {
			"version": "0.0.2",
			"resolved": "https://registry.npmjs.org/style-vancouver/-/style-vancouver-0.0.2.tgz",
			"integrity": "sha512-6DYqSJSRPdPYPZB64LAKjhX6IBpbI8G2QJg0qsgGE6vLMvWG/8tTpuzdIsZPDMPBMnF2jt/1WBqbDZR4VaA2KQ=="
		},
		"unist-util-is": {
			"version": "2.1.2",
			"resolved": "https://registry.npmjs.org/unist-util-is/-/unist-util-is-2.1.2.tgz",
			"integrity": "sha512-YkXBK/H9raAmG7KXck+UUpnKiNmUdB+aBGrknfQ4EreE1banuzrKABx3jP6Z5Z3fMSPMQQmeXBlKpCbMwBkxVw=="
		},
		"unist-util-visit": {
			"version": "1.4.0",
			"resolved": "https://registry.npmjs.org/unist-util-visit/-/unist-util-visit-1.4.0.tgz",
			"integrity": "sha512-FiGu34ziNsZA3ZUteZxSFaczIjGmksfSgdKqBfOejrrfzyUy5b7YrlzT1Bcvi+djkYDituJDy2XB7tGTeBieKw==",
			"requires": {
				"unist-util-visit-parents": "^2.0.0"
			}
		},
		"unist-util-visit-parents": {
			"version": "2.0.1",
			"resolved": "https://registry.npmjs.org/unist-util-visit-parents/-/unist-util-visit-parents-2.0.1.tgz",
			"integrity": "sha512-6B0UTiMfdWql4cQ03gDTCSns+64Zkfo2OCbK31Ov0uMizEz+CJeAp0cgZVb5Fhmcd7Bct2iRNywejT0orpbqUA==",
			"requires": {
				"unist-util-is": "^2.1.2"
			}
		}
	}
}
