{
  "name": "remark-bibliography",
  "version": "1.0.0",
  "lockfileVersion": 2,
  "requires": true,
  "packages": {
    "": {
      "version": "0.3.0",
      "license": "MIT",
      "dependencies": {
        "citeproc": "^2.4.59",
        "locale-de-de": "^0.0.2",
        "locale-en-gb": "^0.0.2",
        "locale-en-us": "^0.0.2",
        "locale-es-es": "^0.0.2",
        "locale-fr-fr": "^0.0.2",
        "style-apa": "^0.0.2",
        "style-chicago": "^0.0.2",
        "style-mla": "^0.0.2",
        "style-vancouver": "^0.0.2",
        "unist-util-visit": "^4.0.0"
      }
    },
    "node_modules/@types/unist": {
      "version": "2.0.6",
      "resolved": "https://registry.npmjs.org/@types/unist/-/unist-2.0.6.tgz",
      "integrity": "sha512-PBjIUxZHOuj0R15/xuwJYjFi+KZdNFrehocChv4g5hu6aFroHue8m0lBP0POdK2nKzbw0cgV1mws8+V/JAcEkQ=="
    },
    "node_modules/citeproc": {
      "version": "2.4.59",
      "resolved": "https://registry.npmjs.org/citeproc/-/citeproc-2.4.59.tgz",
      "integrity": "sha512-BoOk7hu2ORheW2TT//Xj6AFnyP9CuVuQ6THBYTRXO3wEYTMviPbcyXFiZ/tPg5bijvvvVa4gPJRVnipQ0y2aKw=="
    },
    "node_modules/locale-de-de": {
      "version": "0.0.2",
      "resolved": "https://registry.npmjs.org/locale-de-de/-/locale-de-de-0.0.2.tgz",
      "integrity": "sha512-foCqbDgfcvdLqKX4hxFfPb6m9KXuvzOdMQT1vjCzwIK4BjqLC7d6TeWxHMaIF5B9tHxKrEb0POI49sJGFNjxHA=="
    },
    "node_modules/locale-en-gb": {
      "version": "0.0.2",
      "resolved": "https://registry.npmjs.org/locale-en-gb/-/locale-en-gb-0.0.2.tgz",
      "integrity": "sha512-Z/9xQDlDoMhaIEPMQz9VoB8zbKlI6CgO9ScVl3urJeKJI6qViZNGpS7h/ycBGC0AJcrE3I4J72XmiSgVCyK0kA=="
    },
    "node_modules/locale-en-us": {
      "version": "0.0.2",
      "resolved": "https://registry.npmjs.org/locale-en-us/-/locale-en-us-0.0.2.tgz",
      "integrity": "sha512-I02W/LK36C1IDloiFY4ZvK7kIs4C92vCHVEI01rIrJPzzlqcn1NnUxn5d1oiq0pe6JwuzpWwSCYnV0o1WAQP9g=="
    },
    "node_modules/locale-es-es": {
      "version": "0.0.2",
      "resolved": "https://registry.npmjs.org/locale-es-es/-/locale-es-es-0.0.2.tgz",
      "integrity": "sha512-Hw0DO46yuMJlGbgzjyiu6Q8OEaSQ+DBWNvhCX7apGC8NJwzY7pNoFUDDm3DtxAZ9W2F/33548/+C7BTOfeF7Eg=="
    },
    "node_modules/locale-fr-fr": {
      "version": "0.0.2",
      "resolved": "https://registry.npmjs.org/locale-fr-fr/-/locale-fr-fr-0.0.2.tgz",
      "integrity": "sha512-KS9t0SrAmy2+T74zKNQUsj5Bn1EyLl+/2aIxnD/FCvQrVlADnuuwMvLQRx0W7uU4hmEtRhpsfKTA40mHPbvVXg=="
    },
    "node_modules/style-apa": {
      "version": "0.0.2",
      "resolved": "https://registry.npmjs.org/style-apa/-/style-apa-0.0.2.tgz",
      "integrity": "sha512-DSgE7KPxV0Z3o5j4mAOGWp+Dpl9KhPUS5+704lEsVCI0G/LjbnvoINJUWn2llrYR95PH9Dkw0M9fiTt/BwEAoA=="
    },
    "node_modules/style-chicago": {
      "version": "0.0.2",
      "resolved": "https://registry.npmjs.org/style-chicago/-/style-chicago-0.0.2.tgz",
      "integrity": "sha512-xQyPhA3eLMmpV2BQ9+OwxYy6RgUIrxbXFxH6Demd8QlBQpXvj5rkZNn3YpEMyvoAinghFjZOGGuaBDCYiZxFxQ=="
    },
    "node_modules/style-mla": {
      "version": "0.0.2",
      "resolved": "https://registry.npmjs.org/style-mla/-/style-mla-0.0.2.tgz",
      "integrity": "sha512-uxe00Gcv8W5Rgie8QStLnMlZh4o821UwWclr+SfgMNCRRVF8ncB9wvqU093FcS2QR02V8/YNE0P2ySJ2GFIFSw=="
    },
    "node_modules/style-vancouver": {
      "version": "0.0.2",
      "resolved": "https://registry.npmjs.org/style-vancouver/-/style-vancouver-0.0.2.tgz",
      "integrity": "sha512-6DYqSJSRPdPYPZB64LAKjhX6IBpbI8G2QJg0qsgGE6vLMvWG/8tTpuzdIsZPDMPBMnF2jt/1WBqbDZR4VaA2KQ=="
    },
    "node_modules/unist-util-is": {
      "version": "5.1.1",
      "resolved": "https://registry.npmjs.org/unist-util-is/-/unist-util-is-5.1.1.tgz",
      "integrity": "sha512-F5CZ68eYzuSvJjGhCLPL3cYx45IxkqXSetCcRgUXtbcm50X2L9oOWQlfUfDdAf+6Pd27YDblBfdtmsThXmwpbQ==",
      "funding": {
        "type": "opencollective",
        "url": "https://opencollective.com/unified"
      }
    },
    "node_modules/unist-util-visit": {
      "version": "4.0.0",
      "resolved": "https://registry.npmjs.org/unist-util-visit/-/unist-util-visit-4.0.0.tgz",
      "integrity": "sha512-3HWTvrtU10/E7qgPznBfiOyG0TXj9W8c1GSfaI8L9GkaG1pLePiQPZ7E35a0R3ToQ/zcy4Im6aZ9WBgOTnv1MQ==",
      "dependencies": {
        "@types/unist": "^2.0.0",
        "unist-util-is": "^5.0.0",
        "unist-util-visit-parents": "^5.0.0"
      },
      "funding": {
        "type": "opencollective",
        "url": "https://opencollective.com/unified"
      }
    },
    "node_modules/unist-util-visit-parents": {
      "version": "5.0.0",
      "resolved": "https://registry.npmjs.org/unist-util-visit-parents/-/unist-util-visit-parents-5.0.0.tgz",
      "integrity": "sha512-CVaLOYPM/EaFTYMytbaju3Tw4QI3DHnHFnL358FkEu0hZOzSm/hqBdVwOQDR60jF5ZzhB1tlZlRH0ll/yekZIQ==",
      "dependencies": {
        "@types/unist": "^2.0.0",
        "unist-util-is": "^5.0.0"
      },
      "funding": {
        "type": "opencollective",
        "url": "https://opencollective.com/unified"
      }
    }
  },
  "dependencies": {
    "@types/unist": {
      "version": "2.0.6",
      "resolved": "https://registry.npmjs.org/@types/unist/-/unist-2.0.6.tgz",
      "integrity": "sha512-PBjIUxZHOuj0R15/xuwJYjFi+KZdNFrehocChv4g5hu6aFroHue8m0lBP0POdK2nKzbw0cgV1mws8+V/JAcEkQ=="
    },
    "citeproc": {
      "version": "2.4.59",
      "resolved": "https://registry.npmjs.org/citeproc/-/citeproc-2.4.59.tgz",
      "integrity": "sha512-BoOk7hu2ORheW2TT//Xj6AFnyP9CuVuQ6THBYTRXO3wEYTMviPbcyXFiZ/tPg5bijvvvVa4gPJRVnipQ0y2aKw=="
    },
    "locale-de-de": {
      "version": "0.0.2",
      "resolved": "https://registry.npmjs.org/locale-de-de/-/locale-de-de-0.0.2.tgz",
      "integrity": "sha512-foCqbDgfcvdLqKX4hxFfPb6m9KXuvzOdMQT1vjCzwIK4BjqLC7d6TeWxHMaIF5B9tHxKrEb0POI49sJGFNjxHA=="
    },
    "locale-en-gb": {
      "version": "0.0.2",
      "resolved": "https://registry.npmjs.org/locale-en-gb/-/locale-en-gb-0.0.2.tgz",
      "integrity": "sha512-Z/9xQDlDoMhaIEPMQz9VoB8zbKlI6CgO9ScVl3urJeKJI6qViZNGpS7h/ycBGC0AJcrE3I4J72XmiSgVCyK0kA=="
    },
    "locale-en-us": {
      "version": "0.0.2",
      "resolved": "https://registry.npmjs.org/locale-en-us/-/locale-en-us-0.0.2.tgz",
      "integrity": "sha512-I02W/LK36C1IDloiFY4ZvK7kIs4C92vCHVEI01rIrJPzzlqcn1NnUxn5d1oiq0pe6JwuzpWwSCYnV0o1WAQP9g=="
    },
    "locale-es-es": {
      "version": "0.0.2",
      "resolved": "https://registry.npmjs.org/locale-es-es/-/locale-es-es-0.0.2.tgz",
      "integrity": "sha512-Hw0DO46yuMJlGbgzjyiu6Q8OEaSQ+DBWNvhCX7apGC8NJwzY7pNoFUDDm3DtxAZ9W2F/33548/+C7BTOfeF7Eg=="
    },
    "locale-fr-fr": {
      "version": "0.0.2",
      "resolved": "https://registry.npmjs.org/locale-fr-fr/-/locale-fr-fr-0.0.2.tgz",
      "integrity": "sha512-KS9t0SrAmy2+T74zKNQUsj5Bn1EyLl+/2aIxnD/FCvQrVlADnuuwMvLQRx0W7uU4hmEtRhpsfKTA40mHPbvVXg=="
    },
    "style-apa": {
      "version": "0.0.2",
      "resolved": "https://registry.npmjs.org/style-apa/-/style-apa-0.0.2.tgz",
      "integrity": "sha512-DSgE7KPxV0Z3o5j4mAOGWp+Dpl9KhPUS5+704lEsVCI0G/LjbnvoINJUWn2llrYR95PH9Dkw0M9fiTt/BwEAoA=="
    },
    "style-chicago": {
      "version": "0.0.2",
      "resolved": "https://registry.npmjs.org/style-chicago/-/style-chicago-0.0.2.tgz",
      "integrity": "sha512-xQyPhA3eLMmpV2BQ9+OwxYy6RgUIrxbXFxH6Demd8QlBQpXvj5rkZNn3YpEMyvoAinghFjZOGGuaBDCYiZxFxQ=="
    },
    "style-mla": {
      "version": "0.0.2",
      "resolved": "https://registry.npmjs.org/style-mla/-/style-mla-0.0.2.tgz",
      "integrity": "sha512-uxe00Gcv8W5Rgie8QStLnMlZh4o821UwWclr+SfgMNCRRVF8ncB9wvqU093FcS2QR02V8/YNE0P2ySJ2GFIFSw=="
    },
    "style-vancouver": {
      "version": "0.0.2",
      "resolved": "https://registry.npmjs.org/style-vancouver/-/style-vancouver-0.0.2.tgz",
      "integrity": "sha512-6DYqSJSRPdPYPZB64LAKjhX6IBpbI8G2QJg0qsgGE6vLMvWG/8tTpuzdIsZPDMPBMnF2jt/1WBqbDZR4VaA2KQ=="
    },
    "unist-util-is": {
      "version": "5.1.1",
      "resolved": "https://registry.npmjs.org/unist-util-is/-/unist-util-is-5.1.1.tgz",
      "integrity": "sha512-F5CZ68eYzuSvJjGhCLPL3cYx45IxkqXSetCcRgUXtbcm50X2L9oOWQlfUfDdAf+6Pd27YDblBfdtmsThXmwpbQ=="
    },
    "unist-util-visit": {
      "version": "4.0.0",
      "resolved": "https://registry.npmjs.org/unist-util-visit/-/unist-util-visit-4.0.0.tgz",
      "integrity": "sha512-3HWTvrtU10/E7qgPznBfiOyG0TXj9W8c1GSfaI8L9GkaG1pLePiQPZ7E35a0R3ToQ/zcy4Im6aZ9WBgOTnv1MQ==",
      "requires": {
        "@types/unist": "^2.0.0",
        "unist-util-is": "^5.0.0",
        "unist-util-visit-parents": "^5.0.0"
      }
    },
    "unist-util-visit-parents": {
      "version": "5.0.0",
      "resolved": "https://registry.npmjs.org/unist-util-visit-parents/-/unist-util-visit-parents-5.0.0.tgz",
      "integrity": "sha512-CVaLOYPM/EaFTYMytbaju3Tw4QI3DHnHFnL358FkEu0hZOzSm/hqBdVwOQDR60jF5ZzhB1tlZlRH0ll/yekZIQ==",
      "requires": {
        "@types/unist": "^2.0.0",
        "unist-util-is": "^5.0.0"
      }
    }
  }
}
