{
	"name": "remark-bibliography",
	"version": "0.2.1",
	"lockfileVersion": 1,
	"requires": true,
	"dependencies": {
		"@types/unist": {
			"version": "2.0.3",
			"resolved": "https://registry.npmjs.org/@types/unist/-/unist-2.0.3.tgz",
			"integrity": "sha512-FvUupuM3rlRsRtCN+fDudtmytGO6iHJuuRKS1Ss0pG5z8oX0diNEw94UEL7hgDbpN94rgaK5R7sWm6RrSkZuAQ=="
		},
		"citeproc": {
			"version": "2.2.31",
			"resolved": "https://registry.npmjs.org/citeproc/-/citeproc-2.2.31.tgz",
			"integrity": "sha512-ujMKq07T4k8lzAHTS2BrR3dMzvnDwzNFW+9nlfMDwMZETo0KX/af94slKjG11lXgVwbgWXiLDsqw7CT/6C+67w=="
		},
		"locale-en-us": {
			"version": "0.0.2",
			"resolved": "https://registry.npmjs.org/locale-en-us/-/locale-en-us-0.0.2.tgz",
			"integrity": "sha512-I02W/LK36C1IDloiFY4ZvK7kIs4C92vCHVEI01rIrJPzzlqcn1NnUxn5d1oiq0pe6JwuzpWwSCYnV0o1WAQP9g=="
		},
		"style-apa": {
			"version": "0.0.2",
			"resolved": "https://registry.npmjs.org/style-apa/-/style-apa-0.0.2.tgz",
			"integrity": "sha512-DSgE7KPxV0Z3o5j4mAOGWp+Dpl9KhPUS5+704lEsVCI0G/LjbnvoINJUWn2llrYR95PH9Dkw0M9fiTt/BwEAoA=="
		},
		"style-chicago": {
			"version": "0.0.2",
			"resolved": "https://registry.npmjs.org/style-chicago/-/style-chicago-0.0.2.tgz",
			"integrity": "sha512-xQyPhA3eLMmpV2BQ9+OwxYy6RgUIrxbXFxH6Demd8QlBQpXvj5rkZNn3YpEMyvoAinghFjZOGGuaBDCYiZxFxQ=="
		},
		"style-mla": {
			"version": "0.0.2",
			"resolved": "https://registry.npmjs.org/style-mla/-/style-mla-0.0.2.tgz",
			"integrity": "sha512-uxe00Gcv8W5Rgie8QStLnMlZh4o821UwWclr+SfgMNCRRVF8ncB9wvqU093FcS2QR02V8/YNE0P2ySJ2GFIFSw=="
		},
		"style-vancouver": {
			"version": "0.0.2",
			"resolved": "https://registry.npmjs.org/style-vancouver/-/style-vancouver-0.0.2.tgz",
			"integrity": "sha512-6DYqSJSRPdPYPZB64LAKjhX6IBpbI8G2QJg0qsgGE6vLMvWG/8tTpuzdIsZPDMPBMnF2jt/1WBqbDZR4VaA2KQ=="
		},
		"unist-util-is": {
			"version": "4.0.1",
			"resolved": "https://registry.npmjs.org/unist-util-is/-/unist-util-is-4.0.1.tgz",
			"integrity": "sha512-7NYjErP4LJtkEptPR22wO5RsCPnHZZrop7t2SoQzjvpFedCFer4WW8ujj9GI5DkUX7yVcffXLjoURf6h2QUv6Q=="
		},
		"unist-util-visit": {
			"version": "2.0.1",
			"resolved": "https://registry.npmjs.org/unist-util-visit/-/unist-util-visit-2.0.1.tgz",
			"integrity": "sha512-bEDa5S/O8WRDeI1mLaMoKuFFi89AjF+UAoMNxO+bbVdo06q+53Vhq4iiv1PenL6Rx1ZxIpXIzqZoc5HD2I1oMA==",
			"requires": {
				"@types/unist": "^2.0.0",
				"unist-util-is": "^4.0.0",
				"unist-util-visit-parents": "^3.0.0"
			}
		},
		"unist-util-visit-parents": {
			"version": "3.0.1",
			"resolved": "https://registry.npmjs.org/unist-util-visit-parents/-/unist-util-visit-parents-3.0.1.tgz",
			"integrity": "sha512-umEOTkm6/y1gIqPrqet55mYqlvGXCia/v1FSc5AveLAI7jFmOAIbqiwcHcviLcusAkEQt1bq2hixCKO9ltMb2Q==",
			"requires": {
				"@types/unist": "^2.0.0",
				"unist-util-is": "^4.0.0"
			}
		}
	}
}
