{
	"name": "remark-deflist",
	"version": "0.2.1",
	"lockfileVersion": 1,
	"requires": true,
	"dependencies": {
		"@types/mdast": {
			"version": "3.0.3",
			"resolved": "https://registry.npmjs.org/@types/mdast/-/mdast-3.0.3.tgz",
			"integrity": "sha512-SXPBMnFVQg1s00dlMCc/jCdvPqdE4mXaMMCeRlxLDmTAEoegHT53xKtkDnzDTOcmMHUfcjyf36/YYZ6SxRdnsw==",
			"requires": {
				"@types/unist": "*"
			}
		},
		"@types/unist": {
			"version": "2.0.3",
			"resolved": "https://registry.npmjs.org/@types/unist/-/unist-2.0.3.tgz",
			"integrity": "sha512-FvUupuM3rlRsRtCN+fDudtmytGO6iHJuuRKS1Ss0pG5z8oX0diNEw94UEL7hgDbpN94rgaK5R7sWm6RrSkZuAQ=="
		},
		"character-entities": {
			"version": "1.2.4",
			"resolved": "https://registry.npmjs.org/character-entities/-/character-entities-1.2.4.tgz",
			"integrity": "sha512-iBMyeEHxfVnIakwOuDXpVkc54HijNgCyQB2w0VfGQThle6NXn50zU6V/u+LDhxHcDUPojn6Kpga3PTAD8W1bQw=="
		},
		"character-entities-legacy": {
			"version": "1.1.4",
			"resolved": "https://registry.npmjs.org/character-entities-legacy/-/character-entities-legacy-1.1.4.tgz",
			"integrity": "sha512-3Xnr+7ZFS1uxeiUDvV02wQ+QDbc55o97tIV5zHScSPJpcLm/r0DFPcoY3tYRp+VZukxuMeKgXYmsXQHO05zQeA=="
		},
		"character-reference-invalid": {
			"version": "1.1.4",
			"resolved": "https://registry.npmjs.org/character-reference-invalid/-/character-reference-invalid-1.1.4.tgz",
			"integrity": "sha512-mKKUkUbhPpQlCOfIuZkvSEgktjPFIsZKRRbC6KWVEMvlzblj3i3asQv5ODsrwt0N3pHAEvjP8KTQPHkp0+6jOg=="
		},
		"debug": {
			"version": "4.3.1",
			"resolved": "https://registry.npmjs.org/debug/-/debug-4.3.1.tgz",
			"integrity": "sha512-doEwdvm4PCeK4K3RQN2ZC2BYUBaxwLARCqZmMjtF8a51J2Rb0xpVloFRnCODwqjpwnAoao4pelN8l3RJdv3gRQ==",
			"requires": {
				"ms": "2.1.2"
			}
		},
		"is-alphabetical": {
			"version": "1.0.4",
			"resolved": "https://registry.npmjs.org/is-alphabetical/-/is-alphabetical-1.0.4.tgz",
			"integrity": "sha512-DwzsA04LQ10FHTZuL0/grVDk4rFoVH1pjAToYwBrHSxcrBIGQuXrQMtD5U1b0U2XVgKZCTLLP8u2Qxqhy3l2Vg=="
		},
		"is-alphanumerical": {
			"version": "1.0.4",
			"resolved": "https://registry.npmjs.org/is-alphanumerical/-/is-alphanumerical-1.0.4.tgz",
			"integrity": "sha512-UzoZUr+XfVz3t3v4KyGEniVL9BDRoQtY7tOyrRybkVNjDFWyo1yhXNGrrBTQxp3ib9BLAWs7k2YKBQsFRkZG9A==",
			"requires": {
				"is-alphabetical": "^1.0.0",
				"is-decimal": "^1.0.0"
			}
		},
		"is-decimal": {
			"version": "1.0.4",
			"resolved": "https://registry.npmjs.org/is-decimal/-/is-decimal-1.0.4.tgz",
			"integrity": "sha512-RGdriMmQQvZ2aqaQq3awNA6dCGtKpiDFcOzrTWrDAT2MiWrKQVPmxLGHl7Y2nNu6led0kEyoX0enY0qXYsv9zw=="
		},
		"is-hexadecimal": {
			"version": "1.0.4",
			"resolved": "https://registry.npmjs.org/is-hexadecimal/-/is-hexadecimal-1.0.4.tgz",
			"integrity": "sha512-gyPJuv83bHMpocVYoqof5VDiZveEoGoFL8m3BXNb2VW8Xs+rz9kqO8LOQ5DH6EsuvilT1ApazU0pyl+ytbPtlw=="
		},
		"longest-streak": {
			"version": "2.0.4",
			"resolved": "https://registry.npmjs.org/longest-streak/-/longest-streak-2.0.4.tgz",
			"integrity": "sha512-vM6rUVCVUJJt33bnmHiZEvr7wPT78ztX7rojL+LW51bHtLh6HTjx84LA5W4+oa6aKEJA7jJu5LR6vQRBpA5DVg=="
		},
		"mdast-util-from-markdown": {
			"version": "0.8.4",
			"resolved": "https://registry.npmjs.org/mdast-util-from-markdown/-/mdast-util-from-markdown-0.8.4.tgz",
			"integrity": "sha512-jj891B5pV2r63n2kBTFh8cRI2uR9LQHsXG1zSDqfhXkIlDzrTcIlbB5+5aaYEkl8vOPIOPLf8VT7Ere1wWTMdw==",
			"requires": {
				"@types/mdast": "^3.0.0",
				"mdast-util-to-string": "^2.0.0",
				"micromark": "~2.11.0",
				"parse-entities": "^2.0.0",
				"unist-util-stringify-position": "^2.0.0"
			}
		},
		"mdast-util-to-markdown": {
			"version": "0.6.1",
			"resolved": "https://registry.npmjs.org/mdast-util-to-markdown/-/mdast-util-to-markdown-0.6.1.tgz",
			"integrity": "sha512-4qJtZ0qdyYeexAXoOZiU0uHIFVncJAmCkHkSluAsvDaVWODtPyNEo9I1ns0T4ulxu2EHRH5u/bt1cV0pdHCX+A==",
			"requires": {
				"@types/unist": "^2.0.0",
				"longest-streak": "^2.0.0",
				"mdast-util-to-string": "^2.0.0",
				"parse-entities": "^2.0.0",
				"repeat-string": "^1.0.0",
				"zwitch": "^1.0.0"
			}
		},
		"mdast-util-to-string": {
			"version": "2.0.0",
			"resolved": "https://registry.npmjs.org/mdast-util-to-string/-/mdast-util-to-string-2.0.0.tgz",
			"integrity": "sha512-AW4DRS3QbBayY/jJmD8437V1Gombjf8RSOUCMFBuo5iHi58AGEgVCKQ+ezHkZZDpAQS75hcBMpLqjpJTjtUL7w=="
		},
		"micromark": {
			"version": "2.11.2",
			"resolved": "https://registry.npmjs.org/micromark/-/micromark-2.11.2.tgz",
			"integrity": "sha512-IXuP76p2uj8uMg4FQc1cRE7lPCLsfAXuEfdjtdO55VRiFO1asrCSQ5g43NmPqFtRwzEnEhafRVzn2jg0UiKArQ==",
			"requires": {
				"debug": "^4.0.0",
				"parse-entities": "^2.0.0"
			}
		},
		"ms": {
			"version": "2.1.2",
			"resolved": "https://registry.npmjs.org/ms/-/ms-2.1.2.tgz",
			"integrity": "sha512-sGkPx+VjMtmA6MX27oA4FBFELFCZZ4S4XqeGOXCv68tT+jb3vk/RyaKWP0PTKyWtmLSM0b+adUTEvbs1PEaH2w=="
		},
		"parse-entities": {
			"version": "2.0.0",
			"resolved": "https://registry.npmjs.org/parse-entities/-/parse-entities-2.0.0.tgz",
			"integrity": "sha512-kkywGpCcRYhqQIchaWqZ875wzpS/bMKhz5HnN3p7wveJTkTtyAB/AlnS0f8DFSqYW1T82t6yEAkEcB+A1I3MbQ==",
			"requires": {
				"character-entities": "^1.0.0",
				"character-entities-legacy": "^1.0.0",
				"character-reference-invalid": "^1.0.0",
				"is-alphanumerical": "^1.0.0",
				"is-decimal": "^1.0.0",
				"is-hexadecimal": "^1.0.0"
			}
		},
		"repeat-string": {
			"version": "1.6.1",
			"resolved": "https://registry.npmjs.org/repeat-string/-/repeat-string-1.6.1.tgz",
			"integrity": "sha1-jcrkcOHIirwtYA//Sndihtp15jc="
		},
		"unist-util-is": {
			"version": "4.0.4",
			"resolved": "https://registry.npmjs.org/unist-util-is/-/unist-util-is-4.0.4.tgz",
			"integrity": "sha512-3dF39j/u423v4BBQrk1AQ2Ve1FxY5W3JKwXxVFzBODQ6WEvccguhgp802qQLKSnxPODE6WuRZtV+ohlUg4meBA=="
		},
		"unist-util-stringify-position": {
			"version": "2.0.3",
			"resolved": "https://registry.npmjs.org/unist-util-stringify-position/-/unist-util-stringify-position-2.0.3.tgz",
			"integrity": "sha512-3faScn5I+hy9VleOq/qNbAd6pAx7iH5jYBMS9I1HgQVijz/4mv5Bvw5iw1sC/90CODiKo81G/ps8AJrISn687g==",
			"requires": {
				"@types/unist": "^2.0.2"
			}
		},
		"unist-util-visit": {
			"version": "2.0.3",
			"resolved": "https://registry.npmjs.org/unist-util-visit/-/unist-util-visit-2.0.3.tgz",
			"integrity": "sha512-iJ4/RczbJMkD0712mGktuGpm/U4By4FfDonL7N/9tATGIF4imikjOuagyMY53tnZq3NP6BcmlrHhEKAfGWjh7Q==",
			"requires": {
				"@types/unist": "^2.0.0",
				"unist-util-is": "^4.0.0",
				"unist-util-visit-parents": "^3.0.0"
			}
		},
		"unist-util-visit-parents": {
			"version": "3.1.1",
			"resolved": "https://registry.npmjs.org/unist-util-visit-parents/-/unist-util-visit-parents-3.1.1.tgz",
			"integrity": "sha512-1KROIZWo6bcMrZEwiH2UrXDyalAa0uqzWCxCJj6lPOvTve2WkfgCytoDTPaMnodXh1WrXOq0haVYHj99ynJlsg==",
			"requires": {
				"@types/unist": "^2.0.0",
				"unist-util-is": "^4.0.0"
			}
		},
		"zwitch": {
			"version": "1.0.5",
			"resolved": "https://registry.npmjs.org/zwitch/-/zwitch-1.0.5.tgz",
			"integrity": "sha512-V50KMwwzqJV0NpZIZFwfOD5/lyny3WlSzRiXgA0G7VUnRlqttta1L6UQIHzd6EuBY/cHGfwTIck7w1yH6Q5zUw=="
		}
	}
}
