{
	"name": "remark-deflist",
	"version": "0.2.0",
	"lockfileVersion": 1,
	"requires": true,
	"dependencies": {
		"@types/unist": {
			"version": "2.0.3",
			"resolved": "https://registry.npmjs.org/@types/unist/-/unist-2.0.3.tgz",
			"integrity": "sha512-FvUupuM3rlRsRtCN+fDudtmytGO6iHJuuRKS1Ss0pG5z8oX0diNEw94UEL7hgDbpN94rgaK5R7sWm6RrSkZuAQ=="
		},
		"mdast-util-to-string": {
			"version": "1.0.7",
			"resolved": "https://registry.npmjs.org/mdast-util-to-string/-/mdast-util-to-string-1.0.7.tgz",
			"integrity": "sha512-P+gdtssCoHOX+eJUrrC30Sixqao86ZPlVjR5NEAoy0U79Pfxb1Y0Gntei0+GrnQD4T04X9xA8tcugp90cSmNow=="
		},
		"unist-util-is": {
			"version": "4.0.1",
			"resolved": "https://registry.npmjs.org/unist-util-is/-/unist-util-is-4.0.1.tgz",
			"integrity": "sha512-7NYjErP4LJtkEptPR22wO5RsCPnHZZrop7t2SoQzjvpFedCFer4WW8ujj9GI5DkUX7yVcffXLjoURf6h2QUv6Q=="
		},
		"unist-util-visit": {
			"version": "2.0.1",
			"resolved": "https://registry.npmjs.org/unist-util-visit/-/unist-util-visit-2.0.1.tgz",
			"integrity": "sha512-bEDa5S/O8WRDeI1mLaMoKuFFi89AjF+UAoMNxO+bbVdo06q+53Vhq4iiv1PenL6Rx1ZxIpXIzqZoc5HD2I1oMA==",
			"requires": {
				"@types/unist": "^2.0.0",
				"unist-util-is": "^4.0.0",
				"unist-util-visit-parents": "^3.0.0"
			}
		},
		"unist-util-visit-parents": {
			"version": "3.0.1",
			"resolved": "https://registry.npmjs.org/unist-util-visit-parents/-/unist-util-visit-parents-3.0.1.tgz",
			"integrity": "sha512-umEOTkm6/y1gIqPrqet55mYqlvGXCia/v1FSc5AveLAI7jFmOAIbqiwcHcviLcusAkEQt1bq2hixCKO9ltMb2Q==",
			"requires": {
				"@types/unist": "^2.0.0",
				"unist-util-is": "^4.0.0"
			}
		}
	}
}
