{
	"name": "remark-supersub",
	"version": "0.3.0",
	"lockfileVersion": 2,
	"requires": true,
	"packages": {
		"": {
			"version": "0.3.0",
			"license": "MIT",
			"dependencies": {
				"unist-util-visit": "^4.0.0"
			}
		},
		"node_modules/@types/unist": {
			"version": "2.0.6",
			"resolved": "https://registry.npmjs.org/@types/unist/-/unist-2.0.6.tgz",
			"integrity": "sha512-PBjIUxZHOuj0R15/xuwJYjFi+KZdNFrehocChv4g5hu6aFroHue8m0lBP0POdK2nKzbw0cgV1mws8+V/JAcEkQ=="
		},
		"node_modules/unist-util-is": {
			"version": "5.1.1",
			"resolved": "https://registry.npmjs.org/unist-util-is/-/unist-util-is-5.1.1.tgz",
			"integrity": "sha512-F5CZ68eYzuSvJjGhCLPL3cYx45IxkqXSetCcRgUXtbcm50X2L9oOWQlfUfDdAf+6Pd27YDblBfdtmsThXmwpbQ==",
			"funding": {
				"type": "opencollective",
				"url": "https://opencollective.com/unified"
			}
		},
		"node_modules/unist-util-visit": {
			"version": "4.0.0",
			"resolved": "https://registry.npmjs.org/unist-util-visit/-/unist-util-visit-4.0.0.tgz",
			"integrity": "sha512-3HWTvrtU10/E7qgPznBfiOyG0TXj9W8c1GSfaI8L9GkaG1pLePiQPZ7E35a0R3ToQ/zcy4Im6aZ9WBgOTnv1MQ==",
			"dependencies": {
				"@types/unist": "^2.0.0",
				"unist-util-is": "^5.0.0",
				"unist-util-visit-parents": "^5.0.0"
			},
			"funding": {
				"type": "opencollective",
				"url": "https://opencollective.com/unified"
			}
		},
		"node_modules/unist-util-visit-parents": {
			"version": "5.0.0",
			"resolved": "https://registry.npmjs.org/unist-util-visit-parents/-/unist-util-visit-parents-5.0.0.tgz",
			"integrity": "sha512-CVaLOYPM/EaFTYMytbaju3Tw4QI3DHnHFnL358FkEu0hZOzSm/hqBdVwOQDR60jF5ZzhB1tlZlRH0ll/yekZIQ==",
			"dependencies": {
				"@types/unist": "^2.0.0",
				"unist-util-is": "^5.0.0"
			},
			"funding": {
				"type": "opencollective",
				"url": "https://opencollective.com/unified"
			}
		}
	},
	"dependencies": {
		"@types/unist": {
			"version": "2.0.6",
			"resolved": "https://registry.npmjs.org/@types/unist/-/unist-2.0.6.tgz",
			"integrity": "sha512-PBjIUxZHOuj0R15/xuwJYjFi+KZdNFrehocChv4g5hu6aFroHue8m0lBP0POdK2nKzbw0cgV1mws8+V/JAcEkQ=="
		},
		"unist-util-is": {
			"version": "5.1.1",
			"resolved": "https://registry.npmjs.org/unist-util-is/-/unist-util-is-5.1.1.tgz",
			"integrity": "sha512-F5CZ68eYzuSvJjGhCLPL3cYx45IxkqXSetCcRgUXtbcm50X2L9oOWQlfUfDdAf+6Pd27YDblBfdtmsThXmwpbQ=="
		},
		"unist-util-visit": {
			"version": "4.0.0",
			"resolved": "https://registry.npmjs.org/unist-util-visit/-/unist-util-visit-4.0.0.tgz",
			"integrity": "sha512-3HWTvrtU10/E7qgPznBfiOyG0TXj9W8c1GSfaI8L9GkaG1pLePiQPZ7E35a0R3ToQ/zcy4Im6aZ9WBgOTnv1MQ==",
			"requires": {
				"@types/unist": "^2.0.0",
				"unist-util-is": "^5.0.0",
				"unist-util-visit-parents": "^5.0.0"
			}
		},
		"unist-util-visit-parents": {
			"version": "5.0.0",
			"resolved": "https://registry.npmjs.org/unist-util-visit-parents/-/unist-util-visit-parents-5.0.0.tgz",
			"integrity": "sha512-CVaLOYPM/EaFTYMytbaju3Tw4QI3DHnHFnL358FkEu0hZOzSm/hqBdVwOQDR60jF5ZzhB1tlZlRH0ll/yekZIQ==",
			"requires": {
				"@types/unist": "^2.0.0",
				"unist-util-is": "^5.0.0"
			}
		}
	}
}
